%{
  "base16": {:hex, :base16, "1.0.0", "283644e2b21bd5915acb7178bed7851fb07c6e5749b8fad68a53c501092176d9", [:rebar3], [], "hexpm", "02afd0827e61a7b07093873e063575ca3a2b07520567c7f8cec7c5d42f052d76"},
  "bucs": {:hex, :bucs, "1.1.0", "de79a0d781a7c5f616ab0cf3c61bf67576382daffcd2e01a9504fa0342f80a21", [:make, :mix, :rebar3], [], "hexpm", "200b8d07b72a1c8099f9ca77edab16353b63e5b7b806534be159106b4b030503"},
  "doteki": {:git, "git://github.com/G-Corp/doteki.git", "3a0675b14fc663ca59a256aa78ba80c624f344a1", [tag: "1.1.0"]},
  "eini": {:hex, :eini, "1.2.4", "abd64a0533398a6d714d21219bb85f2d41fdb42665ac4080939b7bfa8e55f386", [:rebar3], [], "hexpm", "6a5f2a2260ce76db87981c0f93b4b6875051993934de894a71e87e54f069bb7e"},
  "erlcloud": {:hex, :erlcloud, "3.1.7", "482abf46c7afc023557022c0040a681063368d9df4e4eb8a73a5b7cd17a6c47e", [:rebar3], [{:base16, "1.0.0", [hex: :base16, repo: "hexpm", optional: false]}, {:eini, "1.2.4", [hex: :eini, repo: "hexpm", optional: false]}, {:jsx, "2.8.0", [hex: :jsx, repo: "hexpm", optional: false]}, {:lhttpc, "1.5.4", [hex: :lhttpc, repo: "hexpm", optional: false]}], "hexpm", "03882ff110316cbcf9702ae0d9f86736eda06090905d7c1f8fb80a122ad5443c"},
  "goldrush": {:hex, :goldrush, "0.1.9", "f06e5d5f1277da5c413e84d5a2924174182fb108dabb39d5ec548b27424cd106", [:rebar3], [], "hexpm", "99cb4128cffcb3227581e5d4d803d5413fa643f4eb96523f77d9e6937d994ceb"},
  "jsx": {:hex, :jsx, "2.8.0", "749bec6d205c694ae1786d62cea6cc45a390437e24835fd16d12d74f07097727", [:mix, :rebar], [], "hexpm", "a8ba15d5bac2c48b2be1224a0542ad794538d79e2cc16841a4e24ca75f0f8378"},
  "lager": {:hex, :lager, "3.9.2", "4cab289120eb24964e3886bd22323cb5fefe4510c076992a23ad18cf85413d8c", [:rebar3], [{:goldrush, "0.1.9", [hex: :goldrush, repo: "hexpm", optional: false]}], "hexpm", "7f904d9e87a8cb7e66156ed31768d1c8e26eba1d54f4bc85b1aa4ac1f6340c28"},
  "lhttpc": {:hex, :lhttpc, "1.5.4", "405e4f460d67fe8f43f0e6d64e4d168f8a5cff3ad34d78114688753daa80fbeb", [:rebar3], [], "hexpm", "30c6d95be95b75cde5e868ebce6c50063b3035e6b1fb9c3080cf65905b3f210e"},
}
