%{
  "base16": {:hex, :base16, "1.0.0", "283644e2b21bd5915acb7178bed7851fb07c6e5749b8fad68a53c501092176d9", [:rebar3], [], "hexpm"},
  "bucs": {:hex, :bucs, "1.0.14", "e6d013183d3729b5adfd2d1ba430ccf88d0bc0269ae4261363e2fccde1bb19ac", [:make, :mix, :rebar3], [], "hexpm"},
  "eini": {:hex, :eini, "1.2.4", "abd64a0533398a6d714d21219bb85f2d41fdb42665ac4080939b7bfa8e55f386", [:rebar3], [], "hexpm"},
  "erlcloud": {:hex, :erlcloud, "3.1.4", "e96b70d563afebf7790176e64c2f59351daae3266e79aa7915b9986a2fdddf00", [:rebar3], [{:base16, "1.0.0", [hex: :base16, repo: "hexpm", optional: false]}, {:eini, "1.2.4", [hex: :eini, repo: "hexpm", optional: false]}, {:jsx, "2.8.0", [hex: :jsx, repo: "hexpm", optional: false]}, {:lhttpc, "1.5.4", [hex: :lhttpc, repo: "hexpm", optional: false]}], "hexpm"},
  "goldrush": {:hex, :goldrush, "0.1.9", "f06e5d5f1277da5c413e84d5a2924174182fb108dabb39d5ec548b27424cd106", [:rebar3], [], "hexpm"},
  "jsx": {:hex, :jsx, "2.8.0", "749bec6d205c694ae1786d62cea6cc45a390437e24835fd16d12d74f07097727", [:mix, :rebar], [], "hexpm"},
  "lager": {:hex, :lager, "3.5.2", "614a8c8f67bf99b69eb264ea22121ad25511c055aaec09b086773d5108c6767f", [:rebar3], [{:goldrush, "0.1.9", [hex: :goldrush, repo: "hexpm", optional: false]}], "hexpm"},
  "lhttpc": {:hex, :lhttpc, "1.5.4", "405e4f460d67fe8f43f0e6d64e4d168f8a5cff3ad34d78114688753daa80fbeb", [:rebar3], [], "hexpm"},
}
